
Microsoft Visual Studio Solution File, Format Version 12.00
# Visual Studio Version 17
VisualStudioVersion = 17.8.34330.188
MinimumVisualStudioVersion = 10.0.40219.1
Project("{FAE04EC0-301F-11D3-BF4B-00C04F79EFBC}") = "DNS2TIK", "DNS2TIK\DNS2TIK.csproj", "{81D400CB-6894-4815-83AB-F21FAC77FFE2}"
EndProject
Global
	GlobalSection(SolutionConfigurationPlatforms) = preSolution
		Debug|Any CPU = Debug|Any CPU
		Release|Any CPU = Release|Any CPU
	EndGlobalSection
	GlobalSection(ProjectConfigurationPlatforms) = postSolution
		{81D400CB-6894-4815-83AB-F21FAC77FFE2}.Debug|Any CPU.ActiveCfg = Debug|Any CPU
		{81D400CB-6894-4815-83AB-F21FAC77FFE2}.Debug|Any CPU.Build.0 = Debug|Any CPU
		{81D400CB-6894-4815-83AB-F21FAC77FFE2}.Release|Any CPU.ActiveCfg = Release|Any CPU
		{81D400CB-6894-4815-83AB-F21FAC77FFE2}.Release|Any CPU.Build.0 = Release|Any CPU
	EndGlobalSection
	GlobalSection(SolutionProperties) = preSolution
		HideSolutionNode = FALSE
	EndGlobalSection
	GlobalSection(ExtensibilityGlobals) = postSolution
		SolutionGuid = {BF903CF7-4DD5-4695-8380-B453D824C620}
	EndGlobalSection
EndGlobal
